// !$*UTF8*$!
{
	archiveVersion = 1;
	classes = {
	};
	objectVersion = 50;
	objects = {

/* Begin PBXBuildFile section */
		9C6951FA2C7A5B0E838BBB4C /* Pods_flix_codepathTests.framework in Frameworks */ = {isa = PBXBuildFile; fileRef = CA2CFBA454BE8752682AB9D1 /* Pods_flix_codepathTests.framework */; };
		A49FB5FD2139036C00DEFF43 /* AppDelegate.swift in Sources */ = {isa = PBXBuildFile; fileRef = A49FB5FC2139036C00DEFF43 /* AppDelegate.swift */; };
		A49FB6022139036C00DEFF43 /* Main.storyboard in Resources */ = {isa = PBXBuildFile; fileRef = A49FB6002139036C00DEFF43 /* Main.storyboard */; };
		A49FB6042139036E00DEFF43 /* Assets.xcassets in Resources */ = {isa = PBXBuildFile; fileRef = A49FB6032139036E00DEFF43 /* Assets.xcassets */; };
		A49FB6072139036E00DEFF43 /* LaunchScreen.storyboard in Resources */ = {isa = PBXBuildFile; fileRef = A49FB6052139036E00DEFF43 /* LaunchScreen.storyboard */; };
		A49FB6122139036E00DEFF43 /* flix_codepathTests.swift in Sources */ = {isa = PBXBuildFile; fileRef = A49FB6112139036E00DEFF43 /* flix_codepathTests.swift */; };
		A49FB61D2139036E00DEFF43 /* flix_codepathUITests.swift in Sources */ = {isa = PBXBuildFile; fileRef = A49FB61C2139036E00DEFF43 /* flix_codepathUITests.swift */; };
		A49FB62B2139545800DEFF43 /* NowPlayingViewController.swift in Sources */ = {isa = PBXBuildFile; fileRef = A49FB62A2139545800DEFF43 /* NowPlayingViewController.swift */; };
		A49FB62D213D016200DEFF43 /* MovieCell.swift in Sources */ = {isa = PBXBuildFile; fileRef = A49FB62C213D016200DEFF43 /* MovieCell.swift */; };
		B898F7119803B5D42793F574 /* Pods_flix_codepathUITests.framework in Frameworks */ = {isa = PBXBuildFile; fileRef = 27710DDCEAF24266EF5E4455 /* Pods_flix_codepathUITests.framework */; };
		C988EF7E69C2BC2FDF4509F3 /* Pods_flix_codepath.framework in Frameworks */ = {isa = PBXBuildFile; fileRef = 0ADD253A9A825149D17AFE53 /* Pods_flix_codepath.framework */; };
/* End PBXBuildFile section */

/* Begin PBXContainerItemProxy section */
		A49FB60E2139036E00DEFF43 /* PBXContainerItemProxy */ = {
			isa = PBXContainerItemProxy;
			containerPortal = A49FB5F12139036C00DEFF43 /* Project object */;
			proxyType = 1;
			remoteGlobalIDString = A49FB5F82139036C00DEFF43;
			remoteInfo = flix_codepath;
		};
		A49FB6192139036E00DEFF43 /* PBXContainerItemProxy */ = {
			isa = PBXContainerItemProxy;
			containerPortal = A49FB5F12139036C00DEFF43 /* Project object */;
			proxyType = 1;
			remoteGlobalIDString = A49FB5F82139036C00DEFF43;
			remoteInfo = flix_codepath;
		};
/* End PBXContainerItemProxy section */

/* Begin PBXFileReference section */
		0ADD253A9A825149D17AFE53 /* Pods_flix_codepath.framework */ = {isa = PBXFileReference; explicitFileType = wrapper.framework; includeInIndex = 0; path = Pods_flix_codepath.framework; sourceTree = BUILT_PRODUCTS_DIR; };
		27710DDCEAF24266EF5E4455 /* Pods_flix_codepathUITests.framework */ = {isa = PBXFileReference; explicitFileType = wrapper.framework; includeInIndex = 0; path = Pods_flix_codepathUITests.framework; sourceTree = BUILT_PRODUCTS_DIR; };
		473E3E6599FDE982D64D17FE /* Pods-flix_codepathUITests.release.xcconfig */ = {isa = PBXFileReference; includeInIndex = 1; lastKnownFileType = text.xcconfig; name = "Pods-flix_codepathUITests.release.xcconfig"; path = "Pods/Target Support Files/Pods-flix_codepathUITests/Pods-flix_codepathUITests.release.xcconfig"; sourceTree = "<group>"; };
		4B64FBF76C93B38ECAAA6116 /* Pods-flix_codepathUITests.debug.xcconfig */ = {isa = PBXFileReference; includeInIndex = 1; lastKnownFileType = text.xcconfig; name = "Pods-flix_codepathUITests.debug.xcconfig"; path = "Pods/Target Support Files/Pods-flix_codepathUITests/Pods-flix_codepathUITests.debug.xcconfig"; sourceTree = "<group>"; };
		A49FB5F92139036C00DEFF43 /* flix_codepath.app */ = {isa = PBXFileReference; explicitFileType = wrapper.application; includeInIndex = 0; path = flix_codepath.app; sourceTree = BUILT_PRODUCTS_DIR; };
		A49FB5FC2139036C00DEFF43 /* AppDelegate.swift */ = {isa = PBXFileReference; lastKnownFileType = sourcecode.swift; path = AppDelegate.swift; sourceTree = "<group>"; };
		A49FB6012139036C00DEFF43 /* Base */ = {isa = PBXFileReference; lastKnownFileType = file.storyboard; name = Base; path = Base.lproj/Main.storyboard; sourceTree = "<group>"; };
		A49FB6032139036E00DEFF43 /* Assets.xcassets */ = {isa = PBXFileReference; lastKnownFileType = folder.assetcatalog; path = Assets.xcassets; sourceTree = "<group>"; };
		A49FB6062139036E00DEFF43 /* Base */ = {isa = PBXFileReference; lastKnownFileType = file.storyboard; name = Base; path = Base.lproj/LaunchScreen.storyboard; sourceTree = "<group>"; };
		A49FB6082139036E00DEFF43 /* Info.plist */ = {isa = PBXFileReference; lastKnownFileType = text.plist.xml; path = Info.plist; sourceTree = "<group>"; };
		A49FB60D2139036E00DEFF43 /* flix_codepathTests.xctest */ = {isa = PBXFileReference; explicitFileType = wrapper.cfbundle; includeInIndex = 0; path = flix_codepathTests.xctest; sourceTree = BUILT_PRODUCTS_DIR; };
		A49FB6112139036E00DEFF43 /* flix_codepathTests.swift */ = {isa = PBXFileReference; lastKnownFileType = sourcecode.swift; path = flix_codepathTests.swift; sourceTree = "<group>"; };
		A49FB6132139036E00DEFF43 /* Info.plist */ = {isa = PBXFileReference; lastKnownFileType = text.plist.xml; path = Info.plist; sourceTree = "<group>"; };
		A49FB6182139036E00DEFF43 /* flix_codepathUITests.xctest */ = {isa = PBXFileReference; explicitFileType = wrapper.cfbundle; includeInIndex = 0; path = flix_codepathUITests.xctest; sourceTree = BUILT_PRODUCTS_DIR; };
		A49FB61C2139036E00DEFF43 /* flix_codepathUITests.swift */ = {isa = PBXFileReference; lastKnownFileType = sourcecode.swift; path = flix_codepathUITests.swift; sourceTree = "<group>"; };
		A49FB61E2139036E00DEFF43 /* Info.plist */ = {isa = PBXFileReference; lastKnownFileType = text.plist.xml; path = Info.plist; sourceTree = "<group>"; };
		A49FB62A2139545800DEFF43 /* NowPlayingViewController.swift */ = {isa = PBXFileReference; lastKnownFileType = sourcecode.swift; path = NowPlayingViewController.swift; sourceTree = "<group>"; };
		A49FB62C213D016200DEFF43 /* MovieCell.swift */ = {isa = PBXFileReference; lastKnownFileType = sourcecode.swift; path = MovieCell.swift; sourceTree = "<group>"; };
		A5248165F93603E8A3C81130 /* Pods-flix_codepathTests.debug.xcconfig */ = {isa = PBXFileReference; includeInIndex = 1; lastKnownFileType = text.xcconfig; name = "Pods-flix_codepathTests.debug.xcconfig"; path = "Pods/Target Support Files/Pods-flix_codepathTests/Pods-flix_codepathTests.debug.xcconfig"; sourceTree = "<group>"; };
		B964BECCCEA50C81BBCBF915 /* Pods-flix_codepath.debug.xcconfig */ = {isa = PBXFileReference; includeInIndex = 1; lastKnownFileType = text.xcconfig; name = "Pods-flix_codepath.debug.xcconfig"; path = "Pods/Target Support Files/Pods-flix_codepath/Pods-flix_codepath.debug.xcconfig"; sourceTree = "<group>"; };
		BF000A0C23EB30E81E58CAB6 /* Pods-flix_codepathTests.release.xcconfig */ = {isa = PBXFileReference; includeInIndex = 1; lastKnownFileType = text.xcconfig; name = "Pods-flix_codepathTests.release.xcconfig"; path = "Pods/Target Support Files/Pods-flix_codepathTests/Pods-flix_codepathTests.release.xcconfig"; sourceTree = "<group>"; };
		C1BC0EC6F82CBBC28DDB8B42 /* Pods-flix_codepath.release.xcconfig */ = {isa = PBXFileReference; includeInIndex = 1; lastKnownFileType = text.xcconfig; name = "Pods-flix_codepath.release.xcconfig"; path = "Pods/Target Support Files/Pods-flix_codepath/Pods-flix_codepath.release.xcconfig"; sourceTree = "<group>"; };
		CA2CFBA454BE8752682AB9D1 /* Pods_flix_codepathTests.framework */ = {isa = PBXFileReference; explicitFileType = wrapper.framework; includeInIndex = 0; path = Pods_flix_codepathTests.framework; sourceTree = BUILT_PRODUCTS_DIR; };
/* End PBXFileReference section */

/* Begin PBXFrameworksBuildPhase section */
		A49FB5F62139036C00DEFF43 /* Frameworks */ = {
			isa = PBXFrameworksBuildPhase;
			buildActionMask = 2147483647;
			files = (
				C988EF7E69C2BC2FDF4509F3 /* Pods_flix_codepath.framework in Frameworks */,
			);
			runOnlyForDeploymentPostprocessing = 0;
		};
		A49FB60A2139036E00DEFF43 /* Frameworks */ = {
			isa = PBXFrameworksBuildPhase;
			buildActionMask = 2147483647;
			files = (
				9C6951FA2C7A5B0E838BBB4C /* Pods_flix_codepathTests.framework in Frameworks */,
			);
			runOnlyForDeploymentPostprocessing = 0;
		};
		A49FB6152139036E00DEFF43 /* Frameworks */ = {
			isa = PBXFrameworksBuildPhase;
			buildActionMask = 2147483647;
			files = (
				B898F7119803B5D42793F574 /* Pods_flix_codepathUITests.framework in Frameworks */,
			);
			runOnlyForDeploymentPostprocessing = 0;
		};
/* End PBXFrameworksBuildPhase section */

/* Begin PBXGroup section */
		1C5E6E0CF95BB9962E0C385C /* Pods */ = {
			isa = PBXGroup;
			children = (
				B964BECCCEA50C81BBCBF915 /* Pods-flix_codepath.debug.xcconfig */,
				C1BC0EC6F82CBBC28DDB8B42 /* Pods-flix_codepath.release.xcconfig */,
				A5248165F93603E8A3C81130 /* Pods-flix_codepathTests.debug.xcconfig */,
				BF000A0C23EB30E81E58CAB6 /* Pods-flix_codepathTests.release.xcconfig */,
				4B64FBF76C93B38ECAAA6116 /* Pods-flix_codepathUITests.debug.xcconfig */,
				473E3E6599FDE982D64D17FE /* Pods-flix_codepathUITests.release.xcconfig */,
			);
			name = Pods;
			sourceTree = "<group>";
		};
		A49FB5F02139036C00DEFF43 = {
			isa = PBXGroup;
			children = (
				A49FB5FB2139036C00DEFF43 /* flix_codepath */,
				A49FB6102139036E00DEFF43 /* flix_codepathTests */,
				A49FB61B2139036E00DEFF43 /* flix_codepathUITests */,
				A49FB5FA2139036C00DEFF43 /* Products */,
				1C5E6E0CF95BB9962E0C385C /* Pods */,
				DA85BC1716AF051B9427AF14 /* Frameworks */,
			);
			sourceTree = "<group>";
		};
		A49FB5FA2139036C00DEFF43 /* Products */ = {
			isa = PBXGroup;
			children = (
				A49FB5F92139036C00DEFF43 /* flix_codepath.app */,
				A49FB60D2139036E00DEFF43 /* flix_codepathTests.xctest */,
				A49FB6182139036E00DEFF43 /* flix_codepathUITests.xctest */,
			);
			name = Products;
			sourceTree = "<group>";
		};
		A49FB5FB2139036C00DEFF43 /* flix_codepath */ = {
			isa = PBXGroup;
			children = (
				A49FB62A2139545800DEFF43 /* NowPlayingViewController.swift */,
				A49FB5FC2139036C00DEFF43 /* AppDelegate.swift */,
				A49FB6002139036C00DEFF43 /* Main.storyboard */,
				A49FB6032139036E00DEFF43 /* Assets.xcassets */,
				A49FB6052139036E00DEFF43 /* LaunchScreen.storyboard */,
				A49FB6082139036E00DEFF43 /* Info.plist */,
				A49FB62C213D016200DEFF43 /* MovieCell.swift */,
			);
			path = flix_codepath;
			sourceTree = "<group>";
		};
		A49FB6102139036E00DEFF43 /* flix_codepathTests */ = {
			isa = PBXGroup;
			children = (
				A49FB6112139036E00DEFF43 /* flix_codepathTests.swift */,
				A49FB6132139036E00DEFF43 /* Info.plist */,
			);
			path = flix_codepathTests;
			sourceTree = "<group>";
		};
		A49FB61B2139036E00DEFF43 /* flix_codepathUITests */ = {
			isa = PBXGroup;
			children = (
				A49FB61C2139036E00DEFF43 /* flix_codepathUITests.swift */,
				A49FB61E2139036E00DEFF43 /* Info.plist */,
			);
			path = flix_codepathUITests;
			sourceTree = "<group>";
		};
		DA85BC1716AF051B9427AF14 /* Frameworks */ = {
			isa = PBXGroup;
			children = (
				0ADD253A9A825149D17AFE53 /* Pods_flix_codepath.framework */,
				CA2CFBA454BE8752682AB9D1 /* Pods_flix_codepathTests.framework */,
				27710DDCEAF24266EF5E4455 /* Pods_flix_codepathUITests.framework */,
			);
			name = Frameworks;
			sourceTree = "<group>";
		};
/* End PBXGroup section */

/* Begin PBXNativeTarget section */
		A49FB5F82139036C00DEFF43 /* flix_codepath */ = {
			isa = PBXNativeTarget;
			buildConfigurationList = A49FB6212139036E00DEFF43 /* Build configuration list for PBXNativeTarget "flix_codepath" */;
			buildPhases = (
				A9BE4398DE96637B7F21237A /* [CP] Check Pods Manifest.lock */,
				A49FB5F52139036C00DEFF43 /* Sources */,
				A49FB5F62139036C00DEFF43 /* Frameworks */,
				A49FB5F72139036C00DEFF43 /* Resources */,
				2F373876268E8E36F683E1BE /* [CP] Embed Pods Frameworks */,
			);
			buildRules = (
			);
			dependencies = (
			);
			name = flix_codepath;
			productName = flix_codepath;
			productReference = A49FB5F92139036C00DEFF43 /* flix_codepath.app */;
			productType = "com.apple.product-type.application";
		};
		A49FB60C2139036E00DEFF43 /* flix_codepathTests */ = {
			isa = PBXNativeTarget;
			buildConfigurationList = A49FB6242139036E00DEFF43 /* Build configuration list for PBXNativeTarget "flix_codepathTests" */;
			buildPhases = (
				54A56195DE73DE3472647C13 /* [CP] Check Pods Manifest.lock */,
				A49FB6092139036E00DEFF43 /* Sources */,
				A49FB60A2139036E00DEFF43 /* Frameworks */,
				A49FB60B2139036E00DEFF43 /* Resources */,
			);
			buildRules = (
			);
			dependencies = (
				A49FB60F2139036E00DEFF43 /* PBXTargetDependency */,
			);
			name = flix_codepathTests;
			productName = flix_codepathTests;
			productReference = A49FB60D2139036E00DEFF43 /* flix_codepathTests.xctest */;
			productType = "com.apple.product-type.bundle.unit-test";
		};
		A49FB6172139036E00DEFF43 /* flix_codepathUITests */ = {
			isa = PBXNativeTarget;
			buildConfigurationList = A49FB6272139036E00DEFF43 /* Build configuration list for PBXNativeTarget "flix_codepathUITests" */;
			buildPhases = (
				8E6C976930F54E4EE5C0BF6B /* [CP] Check Pods Manifest.lock */,
				A49FB6142139036E00DEFF43 /* Sources */,
				A49FB6152139036E00DEFF43 /* Frameworks */,
				A49FB6162139036E00DEFF43 /* Resources */,
			);
			buildRules = (
			);
			dependencies = (
				A49FB61A2139036E00DEFF43 /* PBXTargetDependency */,
			);
			name = flix_codepathUITests;
			productName = flix_codepathUITests;
			productReference = A49FB6182139036E00DEFF43 /* flix_codepathUITests.xctest */;
			productType = "com.apple.product-type.bundle.ui-testing";
		};
/* End PBXNativeTarget section */

/* Begin PBXProject section */
		A49FB5F12139036C00DEFF43 /* Project object */ = {
			isa = PBXProject;
			attributes = {
				LastSwiftUpdateCheck = 0940;
				LastUpgradeCheck = 0940;
				ORGANIZATIONNAME = "SiuChun Kung";
				TargetAttributes = {
					A49FB5F82139036C00DEFF43 = {
						CreatedOnToolsVersion = 9.4.1;
					};
					A49FB60C2139036E00DEFF43 = {
						CreatedOnToolsVersion = 9.4.1;
						TestTargetID = A49FB5F82139036C00DEFF43;
					};
					A49FB6172139036E00DEFF43 = {
						CreatedOnToolsVersion = 9.4.1;
						TestTargetID = A49FB5F82139036C00DEFF43;
					};
				};
			};
			buildConfigurationList = A49FB5F42139036C00DEFF43 /* Build configuration list for PBXProject "flix_codepath" */;
			compatibilityVersion = "Xcode 9.3";
			developmentRegion = en;
			hasScannedForEncodings = 0;
			knownRegions = (
				en,
				Base,
			);
			mainGroup = A49FB5F02139036C00DEFF43;
			productRefGroup = A49FB5FA2139036C00DEFF43 /* Products */;
			projectDirPath = "";
			projectRoot = "";
			targets = (
				A49FB5F82139036C00DEFF43 /* flix_codepath */,
				A49FB60C2139036E00DEFF43 /* flix_codepathTests */,
				A49FB6172139036E00DEFF43 /* flix_codepathUITests */,
			);
		};
/* End PBXProject section */

/* Begin PBXResourcesBuildPhase section */
		A49FB5F72139036C00DEFF43 /* Resources */ = {
			isa = PBXResourcesBuildPhase;
			buildActionMask = 2147483647;
			files = (
				A49FB6072139036E00DEFF43 /* LaunchScreen.storyboard in Resources */,
				A49FB6042139036E00DEFF43 /* Assets.xcassets in Resources */,
				A49FB6022139036C00DEFF43 /* Main.storyboard in Resources */,
			);
			runOnlyForDeploymentPostprocessing = 0;
		};
		A49FB60B2139036E00DEFF43 /* Resources */ = {
			isa = PBXResourcesBuildPhase;
			buildActionMask = 2147483647;
			files = (
			);
			runOnlyForDeploymentPostprocessing = 0;
		};
		A49FB6162139036E00DEFF43 /* Resources */ = {
			isa = PBXResourcesBuildPhase;
			buildActionMask = 2147483647;
			files = (
			);
			runOnlyForDeploymentPostprocessing = 0;
		};
/* End PBXResourcesBuildPhase section */

/* Begin PBXShellScriptBuildPhase section */
		2F373876268E8E36F683E1BE /* [CP] Embed Pods Frameworks */ = {
			isa = PBXShellScriptBuildPhase;
			buildActionMask = 2147483647;
			files = (
			);
			inputFileListPaths = (
			);
			inputPaths = (
				"${SRCROOT}/Pods/Target Support Files/Pods-flix_codepath/Pods-flix_codepath-frameworks.sh",
				"${BUILT_PRODUCTS_DIR}/Alamofire/Alamofire.framework",
				"${BUILT_PRODUCTS_DIR}/AlamofireImage/AlamofireImage.framework",
			);
			name = "[CP] Embed Pods Frameworks";
			outputFileListPaths = (
			);
			outputPaths = (
				"${TARGET_BUILD_DIR}/${FRAMEWORKS_FOLDER_PATH}/Alamofire.framework",
				"${TARGET_BUILD_DIR}/${FRAMEWORKS_FOLDER_PATH}/AlamofireImage.framework",
			);
			runOnlyForDeploymentPostprocessing = 0;
			shellPath = /bin/sh;
			shellScript = "\"${SRCROOT}/Pods/Target Support Files/Pods-flix_codepath/Pods-flix_codepath-frameworks.sh\"\n";
			showEnvVarsInLog = 0;
		};
		54A56195DE73DE3472647C13 /* [CP] Check Pods Manifest.lock */ = {
			isa = PBXShellScriptBuildPhase;
			buildActionMask = 2147483647;
			files = (
			);
			inputFileListPaths = (
			);
			inputPaths = (
				"${PODS_PODFILE_DIR_PATH}/Podfile.lock",
				"${PODS_ROOT}/Manifest.lock",
			);
			name = "[CP] Check Pods Manifest.lock";
			outputFileListPaths = (
			);
			outputPaths = (
				"$(DERIVED_FILE_DIR)/Pods-flix_codepathTests-checkManifestLockResult.txt",
			);
			runOnlyForDeploymentPostprocessing = 0;
			shellPath = /bin/sh;
			shellScript = "diff \"${PODS_PODFILE_DIR_PATH}/Podfile.lock\" \"${PODS_ROOT}/Manifest.lock\" > /dev/null\nif [ $? != 0 ] ; then\n    # print error to STDERR\n    echo \"error: The sandbox is not in sync with the Podfile.lock. Run 'pod install' or update your CocoaPods installation.\" >&2\n    exit 1\nfi\n# This output is used by Xcode 'outputs' to avoid re-running this script phase.\necho \"SUCCESS\" > \"${SCRIPT_OUTPUT_FILE_0}\"\n";
			showEnvVarsInLog = 0;
		};
		8E6C976930F54E4EE5C0BF6B /* [CP] Check Pods Manifest.lock */ = {
			isa = PBXShellScriptBuildPhase;
			buildActionMask = 2147483647;
			files = (
			);
			inputFileListPaths = (
			);
			inputPaths = (
				"${PODS_PODFILE_DIR_PATH}/Podfile.lock",
				"${PODS_ROOT}/Manifest.lock",
			);
			name = "[CP] Check Pods Manifest.lock";
			outputFileListPaths = (
			);
			outputPaths = (
				"$(DERIVED_FILE_DIR)/Pods-flix_codepathUITests-checkManifestLockResult.txt",
			);
			runOnlyForDeploymentPostprocessing = 0;
			shellPath = /bin/sh;
			shellScript = "diff \"${PODS_PODFILE_DIR_PATH}/Podfile.lock\" \"${PODS_ROOT}/Manifest.lock\" > /dev/null\nif [ $? != 0 ] ; then\n    # print error to STDERR\n    echo \"error: The sandbox is not in sync with the Podfile.lock. Run 'pod install' or update your CocoaPods installation.\" >&2\n    exit 1\nfi\n# This output is used by Xcode 'outputs' to avoid re-running this script phase.\necho \"SUCCESS\" > \"${SCRIPT_OUTPUT_FILE_0}\"\n";
			showEnvVarsInLog = 0;
		};
		A9BE4398DE96637B7F21237A /* [CP] Check Pods Manifest.lock */ = {
			isa = PBXShellScriptBuildPhase;
			buildActionMask = 2147483647;
			files = (
			);
			inputFileListPaths = (
			);
			inputPaths = (
				"${PODS_PODFILE_DIR_PATH}/Podfile.lock",
				"${PODS_ROOT}/Manifest.lock",
			);
			name = "[CP] Check Pods Manifest.lock";
			outputFileListPaths = (
			);
			outputPaths = (
				"$(DERIVED_FILE_DIR)/Pods-flix_codepath-checkManifestLockResult.txt",
			);
			runOnlyForDeploymentPostprocessing = 0;
			shellPath = /bin/sh;
			shellScript = "diff \"${PODS_PODFILE_DIR_PATH}/Podfile.lock\" \"${PODS_ROOT}/Manifest.lock\" > /dev/null\nif [ $? != 0 ] ; then\n    # print error to STDERR\n    echo \"error: The sandbox is not in sync with the Podfile.lock. Run 'pod install' or update your CocoaPods installation.\" >&2\n    exit 1\nfi\n# This output is used by Xcode 'outputs' to avoid re-running this script phase.\necho \"SUCCESS\" > \"${SCRIPT_OUTPUT_FILE_0}\"\n";
			showEnvVarsInLog = 0;
		};
/* End PBXShellScriptBuildPhase section */

/* Begin PBXSourcesBuildPhase section */
		A49FB5F52139036C00DEFF43 /* Sources */ = {
			isa = PBXSourcesBuildPhase;
			buildActionMask = 2147483647;
			files = (
				A49FB62B2139545800DEFF43 /* NowPlayingViewController.swift in Sources */,
				A49FB5FD2139036C00DEFF43 /* AppDelegate.swift in Sources */,
				A49FB62D213D016200DEFF43 /* MovieCell.swift in Sources */,
			);
			runOnlyForDeploymentPostprocessing = 0;
		};
		A49FB6092139036E00DEFF43 /* Sources */ = {
			isa = PBXSourcesBuildPhase;
			buildActionMask = 2147483647;
			files = (
				A49FB6122139036E00DEFF43 /* flix_codepathTests.swift in Sources */,
			);
			runOnlyForDeploymentPostprocessing = 0;
		};
		A49FB6142139036E00DEFF43 /* Sources */ = {
			isa = PBXSourcesBuildPhase;
			buildActionMask = 2147483647;
			files = (
				A49FB61D2139036E00DEFF43 /* flix_codepathUITests.swift in Sources */,
			);
			runOnlyForDeploymentPostprocessing = 0;
		};
/* End PBXSourcesBuildPhase section */

/* Begin PBXTargetDependency section */
		A49FB60F2139036E00DEFF43 /* PBXTargetDependency */ = {
			isa = PBXTargetDependency;
			target = A49FB5F82139036C00DEFF43 /* flix_codepath */;
			targetProxy = A49FB60E2139036E00DEFF43 /* PBXContainerItemProxy */;
		};
		A49FB61A2139036E00DEFF43 /* PBXTargetDependency */ = {
			isa = PBXTargetDependency;
			target = A49FB5F82139036C00DEFF43 /* flix_codepath */;
			targetProxy = A49FB6192139036E00DEFF43 /* PBXContainerItemProxy */;
		};
/* End PBXTargetDependency section */

/* Begin PBXVariantGroup section */
		A49FB6002139036C00DEFF43 /* Main.storyboard */ = {
			isa = PBXVariantGroup;
			children = (
				A49FB6012139036C00DEFF43 /* Base */,
			);
			name = Main.storyboard;
			sourceTree = "<group>";
		};
		A49FB6052139036E00DEFF43 /* LaunchScreen.storyboard */ = {
			isa = PBXVariantGroup;
			children = (
				A49FB6062139036E00DEFF43 /* Base */,
			);
			name = LaunchScreen.storyboard;
			sourceTree = "<group>";
		};
/* End PBXVariantGroup section */

/* Begin XCBuildConfiguration section */
		A49FB61F2139036E00DEFF43 /* Debug */ = {
			isa = XCBuildConfiguration;
			buildSettings = {
				ALWAYS_SEARCH_USER_PATHS = NO;
				CLANG_ANALYZER_NONNULL = YES;
				CLANG_ANALYZER_NUMBER_OBJECT_CONVERSION = YES_AGGRESSIVE;
				CLANG_CXX_LANGUAGE_STANDARD = "gnu++14";
				CLANG_CXX_LIBRARY = "libc++";
				CLANG_ENABLE_MODULES = YES;
				CLANG_ENABLE_OBJC_ARC = YES;
				CLANG_ENABLE_OBJC_WEAK = YES;
				CLANG_WARN_BLOCK_CAPTURE_AUTORELEASING = YES;
				CLANG_WARN_BOOL_CONVERSION = YES;
				CLANG_WARN_COMMA = YES;
				CLANG_WARN_CONSTANT_CONVERSION = YES;
				CLANG_WARN_DEPRECATED_OBJC_IMPLEMENTATIONS = YES;
				CLANG_WARN_DIRECT_OBJC_ISA_USAGE = YES_ERROR;
				CLANG_WARN_DOCUMENTATION_COMMENTS = YES;
				CLANG_WARN_EMPTY_BODY = YES;
				CLANG_WARN_ENUM_CONVERSION = YES;
				CLANG_WARN_INFINITE_RECURSION = YES;
				CLANG_WARN_INT_CONVERSION = YES;
				CLANG_WARN_NON_LITERAL_NULL_CONVERSION = YES;
				CLANG_WARN_OBJC_IMPLICIT_RETAIN_SELF = YES;
				CLANG_WARN_OBJC_LITERAL_CONVERSION = YES;
				CLANG_WARN_OBJC_ROOT_CLASS = YES_ERROR;
				CLANG_WARN_RANGE_LOOP_ANALYSIS = YES;
				CLANG_WARN_STRICT_PROTOTYPES = YES;
				CLANG_WARN_SUSPICIOUS_MOVE = YES;
				CLANG_WARN_UNGUARDED_AVAILABILITY = YES_AGGRESSIVE;
				CLANG_WARN_UNREACHABLE_CODE = YES;
				CLANG_WARN__DUPLICATE_METHOD_MATCH = YES;
				CODE_SIGN_IDENTITY = "iPhone Developer";
				COPY_PHASE_STRIP = NO;
				DEBUG_INFORMATION_FORMAT = dwarf;
				ENABLE_STRICT_OBJC_MSGSEND = YES;
				ENABLE_TESTABILITY = YES;
				GCC_C_LANGUAGE_STANDARD = gnu11;
				GCC_DYNAMIC_NO_PIC = NO;
				GCC_NO_COMMON_BLOCKS = YES;
				GCC_OPTIMIZATION_LEVEL = 0;
				GCC_PREPROCESSOR_DEFINITIONS = (
					"DEBUG=1",
					"$(inherited)",
				);
				GCC_WARN_64_TO_32_BIT_CONVERSION = YES;
				GCC_WARN_ABOUT_RETURN_TYPE = YES_ERROR;
				GCC_WARN_UNDECLARED_SELECTOR = YES;
				GCC_WARN_UNINITIALIZED_AUTOS = YES_AGGRESSIVE;
				GCC_WARN_UNUSED_FUNCTION = YES;
				GCC_WARN_UNUSED_VARIABLE = YES;
				IPHONEOS_DEPLOYMENT_TARGET = 11.4;
				MTL_ENABLE_DEBUG_INFO = YES;
				ONLY_ACTIVE_ARCH = YES;
				SDKROOT = iphoneos;
				SWIFT_ACTIVE_COMPILATION_CONDITIONS = DEBUG;
				SWIFT_OPTIMIZATION_LEVEL = "-Onone";
			};
			name = Debug;
		};
		A49FB6202139036E00DEFF43 /* Release */ = {
			isa = XCBuildConfiguration;
			buildSettings = {
				ALWAYS_SEARCH_USER_PATHS = NO;
				CLANG_ANALYZER_NONNULL = YES;
				CLANG_ANALYZER_NUMBER_OBJECT_CONVERSION = YES_AGGRESSIVE;
				CLANG_CXX_LANGUAGE_STANDARD = "gnu++14";
				CLANG_CXX_LIBRARY = "libc++";
				CLANG_ENABLE_MODULES = YES;
				CLANG_ENABLE_OBJC_ARC = YES;
				CLANG_ENABLE_OBJC_WEAK = YES;
				CLANG_WARN_BLOCK_CAPTURE_AUTORELEASING = YES;
				CLANG_WARN_BOOL_CONVERSION = YES;
				CLANG_WARN_COMMA = YES;
				CLANG_WARN_CONSTANT_CONVERSION = YES;
				CLANG_WARN_DEPRECATED_OBJC_IMPLEMENTATIONS = YES;
				CLANG_WARN_DIRECT_OBJC_ISA_USAGE = YES_ERROR;
				CLANG_WARN_DOCUMENTATION_COMMENTS = YES;
				CLANG_WARN_EMPTY_BODY = YES;
				CLANG_WARN_ENUM_CONVERSION = YES;
				CLANG_WARN_INFINITE_RECURSION = YES;
				CLANG_WARN_INT_CONVERSION = YES;
				CLANG_WARN_NON_LITERAL_NULL_CONVERSION = YES;
				CLANG_WARN_OBJC_IMPLICIT_RETAIN_SELF = YES;
				CLANG_WARN_OBJC_LITERAL_CONVERSION = YES;
				CLANG_WARN_OBJC_ROOT_CLASS = YES_ERROR;
				CLANG_WARN_RANGE_LOOP_ANALYSIS = YES;
				CLANG_WARN_STRICT_PROTOTYPES = YES;
				CLANG_WARN_SUSPICIOUS_MOVE = YES;
				CLANG_WARN_UNGUARDED_AVAILABILITY = YES_AGGRESSIVE;
				CLANG_WARN_UNREACHABLE_CODE = YES;
				CLANG_WARN__DUPLICATE_METHOD_MATCH = YES;
				CODE_SIGN_IDENTITY = "iPhone Developer";
				COPY_PHASE_STRIP = NO;
				DEBUG_INFORMATION_FORMAT = "dwarf-with-dsym";
				ENABLE_NS_ASSERTIONS = NO;
				ENABLE_STRICT_OBJC_MSGSEND = YES;
				GCC_C_LANGUAGE_STANDARD = gnu11;
				GCC_NO_COMMON_BLOCKS = YES;
				GCC_WARN_64_TO_32_BIT_CONVERSION = YES;
				GCC_WARN_ABOUT_RETURN_TYPE = YES_ERROR;
				GCC_WARN_UNDECLARED_SELECTOR = YES;
				GCC_WARN_UNINITIALIZED_AUTOS = YES_AGGRESSIVE;
				GCC_WARN_UNUSED_FUNCTION = YES;
				GCC_WARN_UNUSED_VARIABLE = YES;
				IPHONEOS_DEPLOYMENT_TARGET = 11.4;
				MTL_ENABLE_DEBUG_INFO = NO;
				SDKROOT = iphoneos;
				SWIFT_COMPILATION_MODE = wholemodule;
				SWIFT_OPTIMIZATION_LEVEL = "-O";
				VALIDATE_PRODUCT = YES;
			};
			name = Release;
		};
		A49FB6222139036E00DEFF43 /* Debug */ = {
			isa = XCBuildConfiguration;
			baseConfigurationReference = B964BECCCEA50C81BBCBF915 /* Pods-flix_codepath.debug.xcconfig */;
			buildSettings = {
				ASSETCATALOG_COMPILER_APPICON_NAME = AppIcon;
				CODE_SIGN_STYLE = Automatic;
				INFOPLIST_FILE = flix_codepath/Info.plist;
				LD_RUNPATH_SEARCH_PATHS = (
					"$(inherited)",
					"@executable_path/Frameworks",
				);
				PRODUCT_BUNDLE_IDENTIFIER = "g--.flix-codepath";
				PRODUCT_NAME = "$(TARGET_NAME)";
				SWIFT_VERSION = 4.0;
				TARGETED_DEVICE_FAMILY = "1,2";
			};
			name = Debug;
		};
		A49FB6232139036E00DEFF43 /* Release */ = {
			isa = XCBuildConfiguration;
			baseConfigurationReference = C1BC0EC6F82CBBC28DDB8B42 /* Pods-flix_codepath.release.xcconfig */;
			buildSettings = {
				ASSETCATALOG_COMPILER_APPICON_NAME = AppIcon;
				CODE_SIGN_STYLE = Automatic;
				INFOPLIST_FILE = flix_codepath/Info.plist;
				LD_RUNPATH_SEARCH_PATHS = (
					"$(inherited)",
					"@executable_path/Frameworks",
				);
				PRODUCT_BUNDLE_IDENTIFIER = "g--.flix-codepath";
				PRODUCT_NAME = "$(TARGET_NAME)";
				SWIFT_VERSION = 4.0;
				TARGETED_DEVICE_FAMILY = "1,2";
			};
			name = Release;
		};
		A49FB6252139036E00DEFF43 /* Debug */ = {
			isa = XCBuildConfiguration;
			baseConfigurationReference = A5248165F93603E8A3C81130 /* Pods-flix_codepathTests.debug.xcconfig */;
			buildSettings = {
				ALWAYS_EMBED_SWIFT_STANDARD_LIBRARIES = YES;
				BUNDLE_LOADER = "$(TEST_HOST)";
				CODE_SIGN_STYLE = Automatic;
				INFOPLIST_FILE = flix_codepathTests/Info.plist;
				LD_RUNPATH_SEARCH_PATHS = (
					"$(inherited)",
					"@executable_path/Frameworks",
					"@loader_path/Frameworks",
				);
				PRODUCT_BUNDLE_IDENTIFIER = "g--.flix-codepathTests";
				PRODUCT_NAME = "$(TARGET_NAME)";
				SWIFT_VERSION = 4.0;
				TARGETED_DEVICE_FAMILY = "1,2";
				TEST_HOST = "$(BUILT_PRODUCTS_DIR)/flix_codepath.app/flix_codepath";
			};
			name = Debug;
		};
		A49FB6262139036E00DEFF43 /* Release */ = {
			isa = XCBuildConfiguration;
			baseConfigurationReference = BF000A0C23EB30E81E58CAB6 /* Pods-flix_codepathTests.release.xcconfig */;
			buildSettings = {
				ALWAYS_EMBED_SWIFT_STANDARD_LIBRARIES = YES;
				BUNDLE_LOADER = "$(TEST_HOST)";
				CODE_SIGN_STYLE = Automatic;
				INFOPLIST_FILE = flix_codepathTests/Info.plist;
				LD_RUNPATH_SEARCH_PATHS = (
					"$(inherited)",
					"@executable_path/Frameworks",
					"@loader_path/Frameworks",
				);
				PRODUCT_BUNDLE_IDENTIFIER = "g--.flix-codepathTests";
				PRODUCT_NAME = "$(TARGET_NAME)";
				SWIFT_VERSION = 4.0;
				TARGETED_DEVICE_FAMILY = "1,2";
				TEST_HOST = "$(BUILT_PRODUCTS_DIR)/flix_codepath.app/flix_codepath";
			};
			name = Release;
		};
		A49FB6282139036E00DEFF43 /* Debug */ = {
			isa = XCBuildConfiguration;
			baseConfigurationReference = 4B64FBF76C93B38ECAAA6116 /* Pods-flix_codepathUITests.debug.xcconfig */;
			buildSettings = {
				ALWAYS_EMBED_SWIFT_STANDARD_LIBRARIES = YES;
				CODE_SIGN_STYLE = Automatic;
				INFOPLIST_FILE = flix_codepathUITests/Info.plist;
				LD_RUNPATH_SEARCH_PATHS = (
					"$(inherited)",
					"@executable_path/Frameworks",
					"@loader_path/Frameworks",
				);
				PRODUCT_BUNDLE_IDENTIFIER = "g--.flix-codepathUITests";
				PRODUCT_NAME = "$(TARGET_NAME)";
				SWIFT_VERSION = 4.0;
				TARGETED_DEVICE_FAMILY = "1,2";
				TEST_TARGET_NAME = flix_codepath;
			};
			name = Debug;
		};
		A49FB6292139036E00DEFF43 /* Release */ = {
			isa = XCBuildConfiguration;
			baseConfigurationReference = 473E3E6599FDE982D64D17FE /* Pods-flix_codepathUITests.release.xcconfig */;
			buildSettings = {
				ALWAYS_EMBED_SWIFT_STANDARD_LIBRARIES = YES;
				CODE_SIGN_STYLE = Automatic;
				INFOPLIST_FILE = flix_codepathUITests/Info.plist;
				LD_RUNPATH_SEARCH_PATHS = (
					"$(inherited)",
					"@executable_path/Frameworks",
					"@loader_path/Frameworks",
				);
				PRODUCT_BUNDLE_IDENTIFIER = "g--.flix-codepathUITests";
				PRODUCT_NAME = "$(TARGET_NAME)";
				SWIFT_VERSION = 4.0;
				TARGETED_DEVICE_FAMILY = "1,2";
				TEST_TARGET_NAME = flix_codepath;
			};
			name = Release;
		};
/* End XCBuildConfiguration section */

/* Begin XCConfigurationList section */
		A49FB5F42139036C00DEFF43 /* Build configuration list for PBXProject "flix_codepath" */ = {
			isa = XCConfigurationList;
			buildConfigurations = (
				A49FB61F2139036E00DEFF43 /* Debug */,
				A49FB6202139036E00DEFF43 /* Release */,
			);
			defaultConfigurationIsVisible = 0;
			defaultConfigurationName = Release;
		};
		A49FB6212139036E00DEFF43 /* Build configuration list for PBXNativeTarget "flix_codepath" */ = {
			isa = XCConfigurationList;
			buildConfigurations = (
				A49FB6222139036E00DEFF43 /* Debug */,
				A49FB6232139036E00DEFF43 /* Release */,
			);
			defaultConfigurationIsVisible = 0;
			defaultConfigurationName = Release;
		};
		A49FB6242139036E00DEFF43 /* Build configuration list for PBXNativeTarget "flix_codepathTests" */ = {
			isa = XCConfigurationList;
			buildConfigurations = (
				A49FB6252139036E00DEFF43 /* Debug */,
				A49FB6262139036E00DEFF43 /* Release */,
			);
			defaultConfigurationIsVisible = 0;
			defaultConfigurationName = Release;
		};
		A49FB6272139036E00DEFF43 /* Build configuration list for PBXNativeTarget "flix_codepathUITests" */ = {
			isa = XCConfigurationList;
			buildConfigurations = (
				A49FB6282139036E00DEFF43 /* Debug */,
				A49FB6292139036E00DEFF43 /* Release */,
			);
			defaultConfigurationIsVisible = 0;
			defaultConfigurationName = Release;
		};
/* End XCConfigurationList section */
	};
	rootObject = A49FB5F12139036C00DEFF43 /* Project object */;
}
